{
  "name": "overview",
  "version": "1.0.0",
  "lockfileVersion": 3,
  "requires": true,
  "packages": {
    "": {
      "name": "overview",
      "version": "1.0.0",
      "license": "ISC",
      "dependencies": {
        "fnv1a": "^1.1.1",
        "ludex": "file:../packages/LudexWeb3Integration"
      }
    },
    "../packages/LudexWeb3Integration": {
      "name": "ludex",
      "version": "1.0.0",
      "hasInstallScript": true,
      "license": "ISC",
      "dependencies": {
        "ethers": "^6.13.5",
        "ludex-contracts": "github:LudexCS/LudexSmartContracts"
      },
      "devDependencies": {
        "ts-loader": "^9.5.2",
        "typescript": "^5.8.3"
      }
    },
    "node_modules/fnv1a": {
      "version": "1.1.1",
      "resolved": "https://registry.npmjs.org/fnv1a/-/fnv1a-1.1.1.tgz",
      "integrity": "sha512-S2HviLR9UyNbt8R+vU6YeQtL8RliPwez9DQEVba5MAvN3Od+RSgKUSL2+qveOMt3owIeBukKoRu2enoOck5uag==",
      "license": "MIT"
    },
    "node_modules/ludex": {
      "resolved": "../packages/LudexWeb3Integration",
      "link": true
    }
  }
}
